
Microsoft Visual Studio Solution File, Format Version 12.00
# Visual Studio 14
VisualStudioVersion = 14.0.25420.1
MinimumVisualStudioVersion = 10.0.40219.1
Project("{2150E333-8FDC-42A3-9474-1A3956D46DE8}") = "FTP", "FTP", "{C58A363A-72B2-46D4-8608-B45E1BCF6B5B}"
EndProject
Project("{FAE04EC0-301F-11D3-BF4B-00C04F79EFBC}") = "FTPServer", "FTPServer\FTPServer.csproj", "{779206F9-7235-40DE-A80F-30EF7E9BB051}"
EndProject
Project("{2150E333-8FDC-42A3-9474-1A3956D46DE8}") = "Lib", "Lib", "{547A19F3-2F33-4776-8051-4B9F910F5D95}"
EndProject
Project("{FAE04EC0-301F-11D3-BF4B-00C04F79EFBC}") = "mike", "mike\mike.csproj", "{76E60F2E-BB35-4053-81D9-E7DC44DB9AF4}"
EndProject
Project("{FAE04EC0-301F-11D3-BF4B-00C04F79EFBC}") = "SFTPServer", "SFTPServer\SFTPServer.csproj", "{7CEC9B01-9997-428A-AED1-07C4A6B6FDC3}"
EndProject
Global
	GlobalSection(SolutionConfigurationPlatforms) = preSolution
		Debug|Any CPU = Debug|Any CPU
		Release|Any CPU = Release|Any CPU
	EndGlobalSection
	GlobalSection(ProjectConfigurationPlatforms) = postSolution
		{779206F9-7235-40DE-A80F-30EF7E9BB051}.Debug|Any CPU.ActiveCfg = Debug|Any CPU
		{779206F9-7235-40DE-A80F-30EF7E9BB051}.Debug|Any CPU.Build.0 = Debug|Any CPU
		{779206F9-7235-40DE-A80F-30EF7E9BB051}.Release|Any CPU.ActiveCfg = Release|Any CPU
		{779206F9-7235-40DE-A80F-30EF7E9BB051}.Release|Any CPU.Build.0 = Release|Any CPU
		{76E60F2E-BB35-4053-81D9-E7DC44DB9AF4}.Debug|Any CPU.ActiveCfg = Debug|Any CPU
		{76E60F2E-BB35-4053-81D9-E7DC44DB9AF4}.Debug|Any CPU.Build.0 = Debug|Any CPU
		{76E60F2E-BB35-4053-81D9-E7DC44DB9AF4}.Release|Any CPU.ActiveCfg = Release|Any CPU
		{76E60F2E-BB35-4053-81D9-E7DC44DB9AF4}.Release|Any CPU.Build.0 = Release|Any CPU
		{7CEC9B01-9997-428A-AED1-07C4A6B6FDC3}.Debug|Any CPU.ActiveCfg = Debug|Any CPU
		{7CEC9B01-9997-428A-AED1-07C4A6B6FDC3}.Debug|Any CPU.Build.0 = Debug|Any CPU
		{7CEC9B01-9997-428A-AED1-07C4A6B6FDC3}.Release|Any CPU.ActiveCfg = Release|Any CPU
		{7CEC9B01-9997-428A-AED1-07C4A6B6FDC3}.Release|Any CPU.Build.0 = Release|Any CPU
	EndGlobalSection
	GlobalSection(SolutionProperties) = preSolution
		HideSolutionNode = FALSE
	EndGlobalSection
	GlobalSection(NestedProjects) = preSolution
		{779206F9-7235-40DE-A80F-30EF7E9BB051} = {C58A363A-72B2-46D4-8608-B45E1BCF6B5B}
		{76E60F2E-BB35-4053-81D9-E7DC44DB9AF4} = {547A19F3-2F33-4776-8051-4B9F910F5D95}
		{7CEC9B01-9997-428A-AED1-07C4A6B6FDC3} = {C58A363A-72B2-46D4-8608-B45E1BCF6B5B}
	EndGlobalSection
EndGlobal
